
Microsoft Visual Studio Solution File, Format Version 12.00
# Visual Studio Version 16
VisualStudioVersion = 16.0.34407.143
MinimumVisualStudioVersion = 10.0.40219.1
Project("{FAE04EC0-301F-11D3-BF4B-00C04F79EFBC}") = "GPS_GetData", "GPS_GetData.csproj", "{C28FE88B-4F0F-4BC3-8A2C-95E36C277000}"
EndProject
Global
	GlobalSection(SolutionConfigurationPlatforms) = preSolution
		Debug|Any CPU = Debug|Any CPU
		Release|Any CPU = Release|Any CPU
	EndGlobalSection
	GlobalSection(ProjectConfigurationPlatforms) = postSolution
		{C28FE88B-4F0F-4BC3-8A2C-95E36C277000}.Debug|Any CPU.ActiveCfg = Debug|Any CPU
		{C28FE88B-4F0F-4BC3-8A2C-95E36C277000}.Debug|Any CPU.Build.0 = Debug|Any CPU
		{C28FE88B-4F0F-4BC3-8A2C-95E36C277000}.Release|Any CPU.ActiveCfg = Release|Any CPU
		{C28FE88B-4F0F-4BC3-8A2C-95E36C277000}.Release|Any CPU.Build.0 = Release|Any CPU
	EndGlobalSection
	GlobalSection(SolutionProperties) = preSolution
		HideSolutionNode = FALSE
	EndGlobalSection
	GlobalSection(ExtensibilityGlobals) = postSolution
		SolutionGuid = {B373BF3F-ACC5-49EA-BC54-089F6337D9FD}
	EndGlobalSection
EndGlobal
