
Microsoft Visual Studio Solution File, Format Version 12.00
# Visual Studio Version 16
VisualStudioVersion = 16.0.34407.143
MinimumVisualStudioVersion = 10.0.40219.1
Project("{FAE04EC0-301F-11D3-BF4B-00C04F79EFBC}") = "WialonSharp", "WialonSharp\WialonSharp.csproj", "{8FF05D13-336D-4ED5-A363-0140CB1025EA}"
EndProject
Project("{FAE04EC0-301F-11D3-BF4B-00C04F79EFBC}") = "GPS_GetData", "..\GPS_GetData\GPS_GetData.csproj", "{C28FE88B-4F0F-4BC3-8A2C-95E36C277000}"
EndProject
Global
	GlobalSection(SolutionConfigurationPlatforms) = preSolution
		Debug|Any CPU = Debug|Any CPU
		Release|Any CPU = Release|Any CPU
	EndGlobalSection
	GlobalSection(ProjectConfigurationPlatforms) = postSolution
		{8FF05D13-336D-4ED5-A363-0140CB1025EA}.Debug|Any CPU.ActiveCfg = Debug|Any CPU
		{8FF05D13-336D-4ED5-A363-0140CB1025EA}.Debug|Any CPU.Build.0 = Debug|Any CPU
		{8FF05D13-336D-4ED5-A363-0140CB1025EA}.Release|Any CPU.ActiveCfg = Release|Any CPU
		{8FF05D13-336D-4ED5-A363-0140CB1025EA}.Release|Any CPU.Build.0 = Release|Any CPU
		{C28FE88B-4F0F-4BC3-8A2C-95E36C277000}.Debug|Any CPU.ActiveCfg = Debug|Any CPU
		{C28FE88B-4F0F-4BC3-8A2C-95E36C277000}.Debug|Any CPU.Build.0 = Debug|Any CPU
		{C28FE88B-4F0F-4BC3-8A2C-95E36C277000}.Release|Any CPU.ActiveCfg = Release|Any CPU
		{C28FE88B-4F0F-4BC3-8A2C-95E36C277000}.Release|Any CPU.Build.0 = Release|Any CPU
	EndGlobalSection
	GlobalSection(SolutionProperties) = preSolution
		HideSolutionNode = FALSE
	EndGlobalSection
	GlobalSection(ExtensibilityGlobals) = postSolution
		SolutionGuid = {122D148D-AA4D-415E-9A2C-2733359C43B7}
	EndGlobalSection
EndGlobal
